// !$*UTF8*$!
{
	archiveVersion = 1;
	classes = {
	};
	objectVersion = 50;
	objects = {

/* Begin PBXBuildFile section */
		0A2FCE9E231137FC006A64A2 /* Transform.cpp in Sources */ = {isa = PBXBuildFile; fileRef = 0A2FCE9C231137FC006A64A2 /* Transform.cpp */; };
		0A2FCEA2231145AB006A64A2 /* Camera.cpp in Sources */ = {isa = PBXBuildFile; fileRef = 0A2FCEA0231145AB006A64A2 /* Camera.cpp */; };
		0A2FCEA623114661006A64A2 /* WorldObject.cpp in Sources */ = {isa = PBXBuildFile; fileRef = 0A2FCEA423114661006A64A2 /* WorldObject.cpp */; };
		0A2FCEA923114832006A64A2 /* Application.cpp in Sources */ = {isa = PBXBuildFile; fileRef = 0A2FCEA723114832006A64A2 /* Application.cpp */; };
		0A2FCEAC23114C33006A64A2 /* Input.cpp in Sources */ = {isa = PBXBuildFile; fileRef = 0A2FCEAA23114C33006A64A2 /* Input.cpp */; };
		0A2FCEB72311F1D6006A64A2 /* Mesh.cpp in Sources */ = {isa = PBXBuildFile; fileRef = 0A2FCEB52311F1D6006A64A2 /* Mesh.cpp */; };
		0A5D513123145D3B006AD3F6 /* Component.cpp in Sources */ = {isa = PBXBuildFile; fileRef = 0A5D512F23145D3B006AD3F6 /* Component.cpp */; };
		0A94C438218116CA008BE6AA /* main.cpp in Sources */ = {isa = PBXBuildFile; fileRef = 0A94C437218116CA008BE6AA /* main.cpp */; };
		0A94C44021811744008BE6AA /* OpenGL.framework in Frameworks */ = {isa = PBXBuildFile; fileRef = 0A94C43F21811744008BE6AA /* OpenGL.framework */; };
		0AC6E284230F4412007CDC1C /* OpenGLLoader.cpp in Sources */ = {isa = PBXBuildFile; fileRef = 0AC6E282230F4412007CDC1C /* OpenGLLoader.cpp */; };
		0AD4AB1D230D33DC00E3EE92 /* libglfw.3.3.dylib in Frameworks */ = {isa = PBXBuildFile; fileRef = 0AD4AB1C230D33DC00E3EE92 /* libglfw.3.3.dylib */; };
		0AD4AB21230D597B00E3EE92 /* Shader.cpp in Sources */ = {isa = PBXBuildFile; fileRef = 0AD4AB1F230D597B00E3EE92 /* Shader.cpp */; };
		0AF4F48A230C595B000676BF /* Display.cpp in Sources */ = {isa = PBXBuildFile; fileRef = 0AF4F488230C595B000676BF /* Display.cpp */; };
		0AF4F48C230C6D3B000676BF /* glad.c in Sources */ = {isa = PBXBuildFile; fileRef = 0AF4F48B230C6D3B000676BF /* glad.c */; };
		0AF4F4A0230CA190000676BF /* Resources in Resources */ = {isa = PBXBuildFile; fileRef = 0AF4F49F230CA190000676BF /* Resources */; };
		0AF4F4A1230CA19F000676BF /* Resources in CopyFiles */ = {isa = PBXBuildFile; fileRef = 0AF4F49F230CA190000676BF /* Resources */; };
/* End PBXBuildFile section */

/* Begin PBXCopyFilesBuildPhase section */
		0A94C432218116CA008BE6AA /* CopyFiles */ = {
			isa = PBXCopyFilesBuildPhase;
			buildActionMask = 12;
			dstPath = "";
			dstSubfolderSpec = 7;
			files = (
				0AF4F4A1230CA19F000676BF /* Resources in CopyFiles */,
			);
			runOnlyForDeploymentPostprocessing = 0;
		};
/* End PBXCopyFilesBuildPhase section */

/* Begin PBXFileReference section */
		0A2FCE9C231137FC006A64A2 /* Transform.cpp */ = {isa = PBXFileReference; lastKnownFileType = sourcecode.cpp.cpp; path = Transform.cpp; sourceTree = "<group>"; };
		0A2FCE9D231137FC006A64A2 /* Transform.hpp */ = {isa = PBXFileReference; lastKnownFileType = sourcecode.cpp.h; path = Transform.hpp; sourceTree = "<group>"; };
		0A2FCEA0231145AB006A64A2 /* Camera.cpp */ = {isa = PBXFileReference; lastKnownFileType = sourcecode.cpp.cpp; path = Camera.cpp; sourceTree = "<group>"; };
		0A2FCEA1231145AB006A64A2 /* Camera.hpp */ = {isa = PBXFileReference; lastKnownFileType = sourcecode.cpp.h; path = Camera.hpp; sourceTree = "<group>"; };
		0A2FCEA423114661006A64A2 /* WorldObject.cpp */ = {isa = PBXFileReference; lastKnownFileType = sourcecode.cpp.cpp; path = WorldObject.cpp; sourceTree = "<group>"; };
		0A2FCEA523114661006A64A2 /* WorldObject.hpp */ = {isa = PBXFileReference; lastKnownFileType = sourcecode.cpp.h; path = WorldObject.hpp; sourceTree = "<group>"; };
		0A2FCEA723114832006A64A2 /* Application.cpp */ = {isa = PBXFileReference; lastKnownFileType = sourcecode.cpp.cpp; path = Application.cpp; sourceTree = "<group>"; };
		0A2FCEA823114832006A64A2 /* Application.hpp */ = {isa = PBXFileReference; lastKnownFileType = sourcecode.cpp.h; path = Application.hpp; sourceTree = "<group>"; };
		0A2FCEAA23114C33006A64A2 /* Input.cpp */ = {isa = PBXFileReference; lastKnownFileType = sourcecode.cpp.cpp; path = Input.cpp; sourceTree = "<group>"; };
		0A2FCEAB23114C33006A64A2 /* Input.hpp */ = {isa = PBXFileReference; lastKnownFileType = sourcecode.cpp.h; path = Input.hpp; sourceTree = "<group>"; };
		0A2FCEB52311F1D6006A64A2 /* Mesh.cpp */ = {isa = PBXFileReference; lastKnownFileType = sourcecode.cpp.cpp; path = Mesh.cpp; sourceTree = "<group>"; };
		0A2FCEB62311F1D6006A64A2 /* Mesh.hpp */ = {isa = PBXFileReference; lastKnownFileType = sourcecode.cpp.h; path = Mesh.hpp; sourceTree = "<group>"; };
		0A5D512F23145D3B006AD3F6 /* Component.cpp */ = {isa = PBXFileReference; lastKnownFileType = sourcecode.cpp.cpp; path = Component.cpp; sourceTree = "<group>"; };
		0A5D513023145D3B006AD3F6 /* Component.hpp */ = {isa = PBXFileReference; lastKnownFileType = sourcecode.cpp.h; path = Component.hpp; sourceTree = "<group>"; };
		0A94C434218116CA008BE6AA /* OpenGL */ = {isa = PBXFileReference; explicitFileType = "compiled.mach-o.executable"; includeInIndex = 0; path = OpenGL; sourceTree = BUILT_PRODUCTS_DIR; };
		0A94C437218116CA008BE6AA /* main.cpp */ = {isa = PBXFileReference; lastKnownFileType = sourcecode.cpp.cpp; path = main.cpp; sourceTree = "<group>"; };
		0A94C43F21811744008BE6AA /* OpenGL.framework */ = {isa = PBXFileReference; lastKnownFileType = wrapper.framework; name = OpenGL.framework; path = System/Library/Frameworks/OpenGL.framework; sourceTree = SDKROOT; };
		0A94C44321811792008BE6AA /* libglfw.3.2.dylib */ = {isa = PBXFileReference; lastKnownFileType = "compiled.mach-o.dylib"; name = libglfw.3.2.dylib; path = ../../../../usr/local/Cellar/glfw/3.2.1/lib/libglfw.3.2.dylib; sourceTree = "<group>"; };
		0AC6E27F230EFEE9007CDC1C /* stb_image.h */ = {isa = PBXFileReference; lastKnownFileType = sourcecode.c.h; path = stb_image.h; sourceTree = "<group>"; };
		0AC6E282230F4412007CDC1C /* OpenGLLoader.cpp */ = {isa = PBXFileReference; lastKnownFileType = sourcecode.cpp.cpp; path = OpenGLLoader.cpp; sourceTree = "<group>"; };
		0AC6E283230F4412007CDC1C /* OpenGLLoader.hpp */ = {isa = PBXFileReference; lastKnownFileType = sourcecode.cpp.h; path = OpenGLLoader.hpp; sourceTree = "<group>"; };
		0AD4AB1C230D33DC00E3EE92 /* libglfw.3.3.dylib */ = {isa = PBXFileReference; lastKnownFileType = "compiled.mach-o.dylib"; name = libglfw.3.3.dylib; path = ../../../../usr/local/Cellar/glfw/3.3/lib/libglfw.3.3.dylib; sourceTree = "<group>"; };
		0AD4AB1F230D597B00E3EE92 /* Shader.cpp */ = {isa = PBXFileReference; lastKnownFileType = sourcecode.cpp.cpp; path = Shader.cpp; sourceTree = "<group>"; };
		0AD4AB20230D597B00E3EE92 /* Shader.hpp */ = {isa = PBXFileReference; lastKnownFileType = sourcecode.cpp.h; path = Shader.hpp; sourceTree = "<group>"; };
		0AF4F488230C595B000676BF /* Display.cpp */ = {isa = PBXFileReference; lastKnownFileType = sourcecode.cpp.cpp; path = Display.cpp; sourceTree = "<group>"; };
		0AF4F489230C595B000676BF /* Display.hpp */ = {isa = PBXFileReference; lastKnownFileType = sourcecode.cpp.h; path = Display.hpp; sourceTree = "<group>"; };
		0AF4F48B230C6D3B000676BF /* glad.c */ = {isa = PBXFileReference; fileEncoding = 4; lastKnownFileType = sourcecode.c.c; path = glad.c; sourceTree = "<group>"; };
		0AF4F49F230CA190000676BF /* Resources */ = {isa = PBXFileReference; lastKnownFileType = folder; path = Resources; sourceTree = "<group>"; };
/* End PBXFileReference section */

/* Begin PBXFrameworksBuildPhase section */
		0A94C431218116CA008BE6AA /* Frameworks */ = {
			isa = PBXFrameworksBuildPhase;
			buildActionMask = 2147483647;
			files = (
				0AD4AB1D230D33DC00E3EE92 /* libglfw.3.3.dylib in Frameworks */,
				0A94C44021811744008BE6AA /* OpenGL.framework in Frameworks */,
			);
			runOnlyForDeploymentPostprocessing = 0;
		};
/* End PBXFrameworksBuildPhase section */

/* Begin PBXGroup section */
		0A2FCE9B231137D5006A64A2 /* Vectors */ = {
			isa = PBXGroup;
			children = (
				0A2FCE9C231137FC006A64A2 /* Transform.cpp */,
				0A2FCE9D231137FC006A64A2 /* Transform.hpp */,
			);
			path = Vectors;
			sourceTree = "<group>";
		};
		0A2FCE9F231145A0006A64A2 /* Camera */ = {
			isa = PBXGroup;
			children = (
				0A2FCEA0231145AB006A64A2 /* Camera.cpp */,
				0A2FCEA1231145AB006A64A2 /* Camera.hpp */,
			);
			path = Camera;
			sourceTree = "<group>";
		};
		0A2FCEA32311464C006A64A2 /* Objects */ = {
			isa = PBXGroup;
			children = (
				0A2FCEA423114661006A64A2 /* WorldObject.cpp */,
				0A2FCEA523114661006A64A2 /* WorldObject.hpp */,
				0A5D512F23145D3B006AD3F6 /* Component.cpp */,
				0A5D513023145D3B006AD3F6 /* Component.hpp */,
			);
			path = Objects;
			sourceTree = "<group>";
		};
		0A2FCEB42311F1A6006A64A2 /* Rendering */ = {
			isa = PBXGroup;
			children = (
				0A2FCEB52311F1D6006A64A2 /* Mesh.cpp */,
				0A2FCEB62311F1D6006A64A2 /* Mesh.hpp */,
			);
			path = Rendering;
			sourceTree = "<group>";
		};
		0A94C42B218116CA008BE6AA = {
			isa = PBXGroup;
			children = (
				0A94C436218116CA008BE6AA /* OpenGL */,
				0A94C435218116CA008BE6AA /* Products */,
				0A94C43E21811744008BE6AA /* Frameworks */,
			);
			sourceTree = "<group>";
		};
		0A94C435218116CA008BE6AA /* Products */ = {
			isa = PBXGroup;
			children = (
				0A94C434218116CA008BE6AA /* OpenGL */,
			);
			name = Products;
			sourceTree = "<group>";
		};
		0A94C436218116CA008BE6AA /* OpenGL */ = {
			isa = PBXGroup;
			children = (
				0A2FCEB42311F1A6006A64A2 /* Rendering */,
				0A2FCEA32311464C006A64A2 /* Objects */,
				0A2FCE9F231145A0006A64A2 /* Camera */,
				0A2FCE9B231137D5006A64A2 /* Vectors */,
				0AC6E281230F43F0007CDC1C /* Application */,
				0AD4AB1E230D596E00E3EE92 /* Shaders */,
				0AF4F49F230CA190000676BF /* Resources */,
				0AF4F486230C592C000676BF /* Windows */,
				0A94C437218116CA008BE6AA /* main.cpp */,
				0AF4F48B230C6D3B000676BF /* glad.c */,
				0AC6E27F230EFEE9007CDC1C /* stb_image.h */,
			);
			path = OpenGL;
			sourceTree = "<group>";
		};
		0A94C43E21811744008BE6AA /* Frameworks */ = {
			isa = PBXGroup;
			children = (
				0AD4AB1C230D33DC00E3EE92 /* libglfw.3.3.dylib */,
				0A94C44321811792008BE6AA /* libglfw.3.2.dylib */,
				0A94C43F21811744008BE6AA /* OpenGL.framework */,
			);
			name = Frameworks;
			sourceTree = "<group>";
		};
		0AC6E281230F43F0007CDC1C /* Application */ = {
			isa = PBXGroup;
			children = (
				0AC6E282230F4412007CDC1C /* OpenGLLoader.cpp */,
				0AC6E283230F4412007CDC1C /* OpenGLLoader.hpp */,
				0A2FCEA723114832006A64A2 /* Application.cpp */,
				0A2FCEA823114832006A64A2 /* Application.hpp */,
				0A2FCEAA23114C33006A64A2 /* Input.cpp */,
				0A2FCEAB23114C33006A64A2 /* Input.hpp */,
			);
			path = Application;
			sourceTree = "<group>";
		};
		0AD4AB1E230D596E00E3EE92 /* Shaders */ = {
			isa = PBXGroup;
			children = (
				0AD4AB1F230D597B00E3EE92 /* Shader.cpp */,
				0AD4AB20230D597B00E3EE92 /* Shader.hpp */,
			);
			path = Shaders;
			sourceTree = "<group>";
		};
		0AF4F486230C592C000676BF /* Windows */ = {
			isa = PBXGroup;
			children = (
				0AF4F488230C595B000676BF /* Display.cpp */,
				0AF4F489230C595B000676BF /* Display.hpp */,
			);
			path = Windows;
			sourceTree = "<group>";
		};
/* End PBXGroup section */

/* Begin PBXNativeTarget section */
		0A94C433218116CA008BE6AA /* OpenGL */ = {
			isa = PBXNativeTarget;
			buildConfigurationList = 0A94C43B218116CA008BE6AA /* Build configuration list for PBXNativeTarget "OpenGL" */;
			buildPhases = (
				0A94C430218116CA008BE6AA /* Sources */,
				0A94C431218116CA008BE6AA /* Frameworks */,
				0A94C432218116CA008BE6AA /* CopyFiles */,
				0AF4F496230C984B000676BF /* Resources */,
			);
			buildRules = (
			);
			dependencies = (
			);
			name = OpenGL;
			productName = OpenGL;
			productReference = 0A94C434218116CA008BE6AA /* OpenGL */;
			productType = "com.apple.product-type.tool";
		};
/* End PBXNativeTarget section */

/* Begin PBXProject section */
		0A94C42C218116CA008BE6AA /* Project object */ = {
			isa = PBXProject;
			attributes = {
				LastUpgradeCheck = 1000;
				ORGANIZATIONNAME = "James Kelly";
				TargetAttributes = {
					0A94C433218116CA008BE6AA = {
						CreatedOnToolsVersion = 10.0;
					};
				};
			};
			buildConfigurationList = 0A94C42F218116CA008BE6AA /* Build configuration list for PBXProject "OpenGL" */;
			compatibilityVersion = "Xcode 9.3";
			developmentRegion = en;
			hasScannedForEncodings = 0;
			knownRegions = (
				en,
				Base,
			);
			mainGroup = 0A94C42B218116CA008BE6AA;
			productRefGroup = 0A94C435218116CA008BE6AA /* Products */;
			projectDirPath = "";
			projectRoot = "";
			targets = (
				0A94C433218116CA008BE6AA /* OpenGL */,
			);
		};
/* End PBXProject section */

/* Begin PBXResourcesBuildPhase section */
		0AF4F496230C984B000676BF /* Resources */ = {
			isa = PBXResourcesBuildPhase;
			buildActionMask = 2147483647;
			files = (
				0AF4F4A0230CA190000676BF /* Resources in Resources */,
			);
			runOnlyForDeploymentPostprocessing = 0;
		};
/* End PBXResourcesBuildPhase section */

/* Begin PBXSourcesBuildPhase section */
		0A94C430218116CA008BE6AA /* Sources */ = {
			isa = PBXSourcesBuildPhase;
			buildActionMask = 2147483647;
			files = (
				0A2FCE9E231137FC006A64A2 /* Transform.cpp in Sources */,
				0A5D513123145D3B006AD3F6 /* Component.cpp in Sources */,
				0AF4F48A230C595B000676BF /* Display.cpp in Sources */,
				0A2FCEA923114832006A64A2 /* Application.cpp in Sources */,
				0A2FCEA2231145AB006A64A2 /* Camera.cpp in Sources */,
				0A2FCEAC23114C33006A64A2 /* Input.cpp in Sources */,
				0A94C438218116CA008BE6AA /* main.cpp in Sources */,
				0AD4AB21230D597B00E3EE92 /* Shader.cpp in Sources */,
				0AF4F48C230C6D3B000676BF /* glad.c in Sources */,
				0AC6E284230F4412007CDC1C /* OpenGLLoader.cpp in Sources */,
				0A2FCEA623114661006A64A2 /* WorldObject.cpp in Sources */,
				0A2FCEB72311F1D6006A64A2 /* Mesh.cpp in Sources */,
			);
			runOnlyForDeploymentPostprocessing = 0;
		};
/* End PBXSourcesBuildPhase section */

/* Begin XCBuildConfiguration section */
		0A94C439218116CA008BE6AA /* Debug */ = {
			isa = XCBuildConfiguration;
			buildSettings = {
				ALWAYS_SEARCH_USER_PATHS = NO;
				CLANG_ANALYZER_NONNULL = YES;
				CLANG_ANALYZER_NUMBER_OBJECT_CONVERSION = YES_AGGRESSIVE;
				CLANG_CXX_LANGUAGE_STANDARD = "gnu++14";
				CLANG_CXX_LIBRARY = "libc++";
				CLANG_ENABLE_MODULES = YES;
				CLANG_ENABLE_OBJC_ARC = YES;
				CLANG_ENABLE_OBJC_WEAK = YES;
				CLANG_WARN_BLOCK_CAPTURE_AUTORELEASING = YES;
				CLANG_WARN_BOOL_CONVERSION = YES;
				CLANG_WARN_COMMA = YES;
				CLANG_WARN_CONSTANT_CONVERSION = YES;
				CLANG_WARN_DEPRECATED_OBJC_IMPLEMENTATIONS = YES;
				CLANG_WARN_DIRECT_OBJC_ISA_USAGE = YES_ERROR;
				CLANG_WARN_DOCUMENTATION_COMMENTS = YES;
				CLANG_WARN_EMPTY_BODY = YES;
				CLANG_WARN_ENUM_CONVERSION = YES;
				CLANG_WARN_INFINITE_RECURSION = YES;
				CLANG_WARN_INT_CONVERSION = YES;
				CLANG_WARN_NON_LITERAL_NULL_CONVERSION = YES;
				CLANG_WARN_OBJC_IMPLICIT_RETAIN_SELF = YES;
				CLANG_WARN_OBJC_LITERAL_CONVERSION = YES;
				CLANG_WARN_OBJC_ROOT_CLASS = YES_ERROR;
				CLANG_WARN_RANGE_LOOP_ANALYSIS = YES;
				CLANG_WARN_STRICT_PROTOTYPES = YES;
				CLANG_WARN_SUSPICIOUS_MOVE = YES;
				CLANG_WARN_UNGUARDED_AVAILABILITY = YES_AGGRESSIVE;
				CLANG_WARN_UNREACHABLE_CODE = YES;
				CLANG_WARN__DUPLICATE_METHOD_MATCH = YES;
				CODE_SIGN_IDENTITY = "-";
				COPY_PHASE_STRIP = NO;
				DEBUG_INFORMATION_FORMAT = dwarf;
				ENABLE_STRICT_OBJC_MSGSEND = YES;
				ENABLE_TESTABILITY = YES;
				GCC_C_LANGUAGE_STANDARD = gnu11;
				GCC_DYNAMIC_NO_PIC = NO;
				GCC_NO_COMMON_BLOCKS = YES;
				GCC_OPTIMIZATION_LEVEL = 0;
				GCC_PREPROCESSOR_DEFINITIONS = (
					"DEBUG=1",
					"$(inherited)",
				);
				GCC_WARN_64_TO_32_BIT_CONVERSION = YES;
				GCC_WARN_ABOUT_RETURN_TYPE = YES_ERROR;
				GCC_WARN_UNDECLARED_SELECTOR = YES;
				GCC_WARN_UNINITIALIZED_AUTOS = YES_AGGRESSIVE;
				GCC_WARN_UNUSED_FUNCTION = YES;
				GCC_WARN_UNUSED_VARIABLE = YES;
				MACOSX_DEPLOYMENT_TARGET = 10.14;
				MTL_ENABLE_DEBUG_INFO = INCLUDE_SOURCE;
				MTL_FAST_MATH = YES;
				ONLY_ACTIVE_ARCH = YES;
				SDKROOT = macosx;
			};
			name = Debug;
		};
		0A94C43A218116CA008BE6AA /* Release */ = {
			isa = XCBuildConfiguration;
			buildSettings = {
				ALWAYS_SEARCH_USER_PATHS = NO;
				CLANG_ANALYZER_NONNULL = YES;
				CLANG_ANALYZER_NUMBER_OBJECT_CONVERSION = YES_AGGRESSIVE;
				CLANG_CXX_LANGUAGE_STANDARD = "gnu++14";
				CLANG_CXX_LIBRARY = "libc++";
				CLANG_ENABLE_MODULES = YES;
				CLANG_ENABLE_OBJC_ARC = YES;
				CLANG_ENABLE_OBJC_WEAK = YES;
				CLANG_WARN_BLOCK_CAPTURE_AUTORELEASING = YES;
				CLANG_WARN_BOOL_CONVERSION = YES;
				CLANG_WARN_COMMA = YES;
				CLANG_WARN_CONSTANT_CONVERSION = YES;
				CLANG_WARN_DEPRECATED_OBJC_IMPLEMENTATIONS = YES;
				CLANG_WARN_DIRECT_OBJC_ISA_USAGE = YES_ERROR;
				CLANG_WARN_DOCUMENTATION_COMMENTS = YES;
				CLANG_WARN_EMPTY_BODY = YES;
				CLANG_WARN_ENUM_CONVERSION = YES;
				CLANG_WARN_INFINITE_RECURSION = YES;
				CLANG_WARN_INT_CONVERSION = YES;
				CLANG_WARN_NON_LITERAL_NULL_CONVERSION = YES;
				CLANG_WARN_OBJC_IMPLICIT_RETAIN_SELF = YES;
				CLANG_WARN_OBJC_LITERAL_CONVERSION = YES;
				CLANG_WARN_OBJC_ROOT_CLASS = YES_ERROR;
				CLANG_WARN_RANGE_LOOP_ANALYSIS = YES;
				CLANG_WARN_STRICT_PROTOTYPES = YES;
				CLANG_WARN_SUSPICIOUS_MOVE = YES;
				CLANG_WARN_UNGUARDED_AVAILABILITY = YES_AGGRESSIVE;
				CLANG_WARN_UNREACHABLE_CODE = YES;
				CLANG_WARN__DUPLICATE_METHOD_MATCH = YES;
				CODE_SIGN_IDENTITY = "-";
				COPY_PHASE_STRIP = NO;
				DEBUG_INFORMATION_FORMAT = "dwarf-with-dsym";
				ENABLE_NS_ASSERTIONS = NO;
				ENABLE_STRICT_OBJC_MSGSEND = YES;
				GCC_C_LANGUAGE_STANDARD = gnu11;
				GCC_NO_COMMON_BLOCKS = YES;
				GCC_WARN_64_TO_32_BIT_CONVERSION = YES;
				GCC_WARN_ABOUT_RETURN_TYPE = YES_ERROR;
				GCC_WARN_UNDECLARED_SELECTOR = YES;
				GCC_WARN_UNINITIALIZED_AUTOS = YES_AGGRESSIVE;
				GCC_WARN_UNUSED_FUNCTION = YES;
				GCC_WARN_UNUSED_VARIABLE = YES;
				MACOSX_DEPLOYMENT_TARGET = 10.14;
				MTL_ENABLE_DEBUG_INFO = NO;
				MTL_FAST_MATH = YES;
				SDKROOT = macosx;
			};
			name = Release;
		};
		0A94C43C218116CA008BE6AA /* Debug */ = {
			isa = XCBuildConfiguration;
			buildSettings = {
				CODE_SIGN_STYLE = Automatic;
				FRAMEWORK_SEARCH_PATHS = "";
				HEADER_SEARCH_PATHS = /usr/local/include;
				LIBRARY_SEARCH_PATHS = (
					"$(inherited)",
					/usr/local/Cellar/glew/2.1.0/lib,
					/usr/local/Cellar/glfw/3.3/lib,
				);
				PRODUCT_NAME = "$(TARGET_NAME)";
			};
			name = Debug;
		};
		0A94C43D218116CA008BE6AA /* Release */ = {
			isa = XCBuildConfiguration;
			buildSettings = {
				CODE_SIGN_STYLE = Automatic;
				FRAMEWORK_SEARCH_PATHS = "";
				HEADER_SEARCH_PATHS = /usr/local/include;
				LIBRARY_SEARCH_PATHS = (
					"$(inherited)",
					/usr/local/Cellar/glew/2.1.0/lib,
					/usr/local/Cellar/glfw/3.3/lib,
				);
				PRODUCT_NAME = "$(TARGET_NAME)";
			};
			name = Release;
		};
/* End XCBuildConfiguration section */

/* Begin XCConfigurationList section */
		0A94C42F218116CA008BE6AA /* Build configuration list for PBXProject "OpenGL" */ = {
			isa = XCConfigurationList;
			buildConfigurations = (
				0A94C439218116CA008BE6AA /* Debug */,
				0A94C43A218116CA008BE6AA /* Release */,
			);
			defaultConfigurationIsVisible = 0;
			defaultConfigurationName = Release;
		};
		0A94C43B218116CA008BE6AA /* Build configuration list for PBXNativeTarget "OpenGL" */ = {
			isa = XCConfigurationList;
			buildConfigurations = (
				0A94C43C218116CA008BE6AA /* Debug */,
				0A94C43D218116CA008BE6AA /* Release */,
			);
			defaultConfigurationIsVisible = 0;
			defaultConfigurationName = Release;
		};
/* End XCConfigurationList section */
	};
	rootObject = 0A94C42C218116CA008BE6AA /* Project object */;
}
